{
  "name": "TokensOfTruth",
  "version": "1.0.0",
  "lockfileVersion": 1,
  "requires": true,
  "dependencies": {
    "@figma/plugin-typings": {
      "version": "1.19.2",
      "resolved": "https://registry.npmjs.org/@figma/plugin-typings/-/plugin-typings-1.19.2.tgz",
      "integrity": "sha512-FjZpc2dA4kRsnmgABcniXyRosQFS6uOqi/WhTyuc/Fm08lV5eE1aP0OwkTNCJY3DA5qXkYGBrjzyXS+OwRI3aw=="
    },
    "typescript": {
      "version": "4.2.3",
      "resolved": "https://registry.npmjs.org/typescript/-/typescript-4.2.3.tgz",
      "integrity": "sha512-qOcYwxaByStAWrBf4x0fibwZvMRG+r4cQoTjbPtUlrWjBHbmCAww1i448U0GJ+3cNNEtebDteo/cHOR3xJ4wEw==",
      "dev": true
    }
  }
}
